
Microsoft Visual Studio Solution File, Format Version 12.00
# Visual Studio Version 17
VisualStudioVersion = 17.10.35013.160
MinimumVisualStudioVersion = 10.0.40219.1
Project("{FAE04EC0-301F-11D3-BF4B-00C04F79EFBC}") = "RabbitMQPublisher", "RabbitMQPublisher\RabbitMQPublisher.csproj", "{ED1EC763-B45E-48F6-8C56-1D58C2B3C274}"
EndProject
Global
	GlobalSection(SolutionConfigurationPlatforms) = preSolution
		Debug|Any CPU = Debug|Any CPU
		Release|Any CPU = Release|Any CPU
	EndGlobalSection
	GlobalSection(ProjectConfigurationPlatforms) = postSolution
		{ED1EC763-B45E-48F6-8C56-1D58C2B3C274}.Debug|Any CPU.ActiveCfg = Debug|Any CPU
		{ED1EC763-B45E-48F6-8C56-1D58C2B3C274}.Debug|Any CPU.Build.0 = Debug|Any CPU
		{ED1EC763-B45E-48F6-8C56-1D58C2B3C274}.Release|Any CPU.ActiveCfg = Release|Any CPU
		{ED1EC763-B45E-48F6-8C56-1D58C2B3C274}.Release|Any CPU.Build.0 = Release|Any CPU
	EndGlobalSection
	GlobalSection(SolutionProperties) = preSolution
		HideSolutionNode = FALSE
	EndGlobalSection
	GlobalSection(ExtensibilityGlobals) = postSolution
		SolutionGuid = {F45EB508-0224-47C5-9D38-A9B45A64C6A6}
	EndGlobalSection
EndGlobal
